PODS:
  - Alamofire (5.4.1)
  - AlamofireImage (4.1.0):
    - Alamofire (~> 5.1)
  - IQKeyboardManagerSwift (6.5.6)
  - Kingfisher (5.15.8):
    - Kingfisher/Core (= 5.15.8)
  - Kingfisher/Core (5.15.8)
  - MBProgressHUD (1.1.0)
  - SkyFloatingLabelTextField (4.0.0)
  - SVProgressHUD (2.2.5)
  - SwiftGifOrigin (1.7.0)
  - SwiftyJSON (5.0.1)
  - SWRevealViewController (2.3.0)
  - Toast-Swift (5.0.1)

DEPENDENCIES:
  - Alamofire
  - AlamofireImage
  - IQKeyboardManagerSwift
  - Kingfisher (~> 5.0)
  - MBProgressHUD (~> 1.1.0)
  - SkyFloatingLabelTextField
  - SVProgressHUD
  - SwiftGifOrigin (~> 1.7.0)
  - SwiftyJSON
  - SWRevealViewController
  - Toast-Swift (~> 5.0.0)

SPEC REPOS:
  trunk:
    - Alamofire
    - AlamofireImage
    - IQKeyboardManagerSwift
    - Kingfisher
    - MBProgressHUD
    - SkyFloatingLabelTextField
    - SVProgressHUD
    - SwiftGifOrigin
    - SwiftyJSON
    - SWRevealViewController
    - Toast-Swift

SPEC CHECKSUMS:
  Alamofire: 2291f7d21ca607c491dd17642e5d40fdcda0e65c
  AlamofireImage: c4a2ba349885fb3064feb74d2e547bd42ce9be10
  IQKeyboardManagerSwift: c7df9d2deb356c04522f5c4b7b6e4ce4d8ed94fe
  Kingfisher: a3c03d702433fa6cfedabb2bddbe076fb8f2e902
  MBProgressHUD: e7baa36a220447d8aeb12769bf0585582f3866d9
  SkyFloatingLabelTextField: 79ddc40e4ad59707fedbb48d605417aee48bb78a
  SVProgressHUD: 1428aafac632c1f86f62aa4243ec12008d7a51d6
  SwiftGifOrigin: fbd6cf37afcfcf97a5c3db996ddc0492e5c5c145
  SwiftyJSON: 2f33a42c6fbc52764d96f13368585094bfd8aa5e
  SWRevealViewController: 6d3fd97f70112fd7cef9de14df4260eacce4c63a
  Toast-Swift: 9b6a70f28b3bf0b96c40d46c0c4b9d6639846711

PODFILE CHECKSUM: 723674156a76c43289b197fb0a549794731ea2a4

COCOAPODS: 1.10.1
